
Microsoft Visual Studio Solution File, Format Version 12.00
# Visual Studio Version 16
VisualStudioVersion = 16.0.30717.126
MinimumVisualStudioVersion = 10.0.40219.1
Project("{FAE04EC0-301F-11D3-BF4B-00C04F79EFBC}") = "BookStore", "BookStore\BookStore.csproj", "{ED40A736-87E6-44FB-9EB9-9952D3DF9CAA}"
EndProject
Global
	GlobalSection(SolutionConfigurationPlatforms) = preSolution
		Debug|Any CPU = Debug|Any CPU
		Release|Any CPU = Release|Any CPU
	EndGlobalSection
	GlobalSection(ProjectConfigurationPlatforms) = postSolution
		{ED40A736-87E6-44FB-9EB9-9952D3DF9CAA}.Debug|Any CPU.ActiveCfg = Debug|Any CPU
		{ED40A736-87E6-44FB-9EB9-9952D3DF9CAA}.Debug|Any CPU.Build.0 = Debug|Any CPU
		{ED40A736-87E6-44FB-9EB9-9952D3DF9CAA}.Release|Any CPU.ActiveCfg = Release|Any CPU
		{ED40A736-87E6-44FB-9EB9-9952D3DF9CAA}.Release|Any CPU.Build.0 = Release|Any CPU
	EndGlobalSection
	GlobalSection(SolutionProperties) = preSolution
		HideSolutionNode = FALSE
	EndGlobalSection
	GlobalSection(ExtensibilityGlobals) = postSolution
		SolutionGuid = {77E0C510-AA99-46CE-8BAF-EA15349C2D6C}
	EndGlobalSection
EndGlobal
